
Microsoft Visual Studio Solution File, Format Version 12.00
# Visual Studio 15
VisualStudioVersion = 15.0.28307.489
MinimumVisualStudioVersion = 10.0.40219.1
Project("{8BC9CEB8-8B4A-11D0-8D11-00A0C91BC942}") = "c17-1 190410", "c17-1 190410\c17-1 190410.vcxproj", "{F4451710-B6BC-4F6A-BD66-7263F169BBE1}"
EndProject
Global
	GlobalSection(SolutionConfigurationPlatforms) = preSolution
		Debug|x64 = Debug|x64
		Debug|x86 = Debug|x86
		Release|x64 = Release|x64
		Release|x86 = Release|x86
	EndGlobalSection
	GlobalSection(ProjectConfigurationPlatforms) = postSolution
		{F4451710-B6BC-4F6A-BD66-7263F169BBE1}.Debug|x64.ActiveCfg = Debug|x64
		{F4451710-B6BC-4F6A-BD66-7263F169BBE1}.Debug|x64.Build.0 = Debug|x64
		{F4451710-B6BC-4F6A-BD66-7263F169BBE1}.Debug|x86.ActiveCfg = Debug|Win32
		{F4451710-B6BC-4F6A-BD66-7263F169BBE1}.Debug|x86.Build.0 = Debug|Win32
		{F4451710-B6BC-4F6A-BD66-7263F169BBE1}.Release|x64.ActiveCfg = Release|x64
		{F4451710-B6BC-4F6A-BD66-7263F169BBE1}.Release|x64.Build.0 = Release|x64
		{F4451710-B6BC-4F6A-BD66-7263F169BBE1}.Release|x86.ActiveCfg = Release|Win32
		{F4451710-B6BC-4F6A-BD66-7263F169BBE1}.Release|x86.Build.0 = Release|Win32
	EndGlobalSection
	GlobalSection(SolutionProperties) = preSolution
		HideSolutionNode = FALSE
	EndGlobalSection
	GlobalSection(ExtensibilityGlobals) = postSolution
		SolutionGuid = {6EFA5AA4-9D73-4ECE-8F33-EB66B76AFE4D}
	EndGlobalSection
EndGlobal
