
Microsoft Visual Studio Solution File, Format Version 12.00
# Visual Studio 15
VisualStudioVersion = 15.0.28307.489
MinimumVisualStudioVersion = 10.0.40219.1
Project("{8BC9CEB8-8B4A-11D0-8D11-00A0C91BC942}") = "c24 190501 시험문제", "c24 190501 시험문제\c24 190501 시험문제.vcxproj", "{7908C7E2-89FF-44E9-BD23-FCE6C466217F}"
EndProject
Global
	GlobalSection(SolutionConfigurationPlatforms) = preSolution
		Debug|x64 = Debug|x64
		Debug|x86 = Debug|x86
		Release|x64 = Release|x64
		Release|x86 = Release|x86
	EndGlobalSection
	GlobalSection(ProjectConfigurationPlatforms) = postSolution
		{7908C7E2-89FF-44E9-BD23-FCE6C466217F}.Debug|x64.ActiveCfg = Debug|x64
		{7908C7E2-89FF-44E9-BD23-FCE6C466217F}.Debug|x64.Build.0 = Debug|x64
		{7908C7E2-89FF-44E9-BD23-FCE6C466217F}.Debug|x86.ActiveCfg = Debug|Win32
		{7908C7E2-89FF-44E9-BD23-FCE6C466217F}.Debug|x86.Build.0 = Debug|Win32
		{7908C7E2-89FF-44E9-BD23-FCE6C466217F}.Release|x64.ActiveCfg = Release|x64
		{7908C7E2-89FF-44E9-BD23-FCE6C466217F}.Release|x64.Build.0 = Release|x64
		{7908C7E2-89FF-44E9-BD23-FCE6C466217F}.Release|x86.ActiveCfg = Release|Win32
		{7908C7E2-89FF-44E9-BD23-FCE6C466217F}.Release|x86.Build.0 = Release|Win32
	EndGlobalSection
	GlobalSection(SolutionProperties) = preSolution
		HideSolutionNode = FALSE
	EndGlobalSection
	GlobalSection(ExtensibilityGlobals) = postSolution
		SolutionGuid = {6EF4A495-C1EB-4C53-8C77-7CC33A8AED6B}
	EndGlobalSection
EndGlobal
