
Microsoft Visual Studio Solution File, Format Version 12.00
# Visual Studio 15
VisualStudioVersion = 15.0.28307.489
MinimumVisualStudioVersion = 10.0.40219.1
Project("{8BC9CEB8-8B4A-11D0-8D11-00A0C91BC942}") = "0402_1", "0402_1\0402_1.vcxproj", "{9F98D690-515C-4CCD-AC57-9A9F62F286AC}"
EndProject
Global
	GlobalSection(SolutionConfigurationPlatforms) = preSolution
		Debug|x64 = Debug|x64
		Debug|x86 = Debug|x86
		Release|x64 = Release|x64
		Release|x86 = Release|x86
	EndGlobalSection
	GlobalSection(ProjectConfigurationPlatforms) = postSolution
		{9F98D690-515C-4CCD-AC57-9A9F62F286AC}.Debug|x64.ActiveCfg = Debug|x64
		{9F98D690-515C-4CCD-AC57-9A9F62F286AC}.Debug|x64.Build.0 = Debug|x64
		{9F98D690-515C-4CCD-AC57-9A9F62F286AC}.Debug|x86.ActiveCfg = Debug|Win32
		{9F98D690-515C-4CCD-AC57-9A9F62F286AC}.Debug|x86.Build.0 = Debug|Win32
		{9F98D690-515C-4CCD-AC57-9A9F62F286AC}.Release|x64.ActiveCfg = Release|x64
		{9F98D690-515C-4CCD-AC57-9A9F62F286AC}.Release|x64.Build.0 = Release|x64
		{9F98D690-515C-4CCD-AC57-9A9F62F286AC}.Release|x86.ActiveCfg = Release|Win32
		{9F98D690-515C-4CCD-AC57-9A9F62F286AC}.Release|x86.Build.0 = Release|Win32
	EndGlobalSection
	GlobalSection(SolutionProperties) = preSolution
		HideSolutionNode = FALSE
	EndGlobalSection
	GlobalSection(ExtensibilityGlobals) = postSolution
		SolutionGuid = {42DBCCD3-EECA-4D98-B7AC-673775C64C60}
	EndGlobalSection
EndGlobal
