
Microsoft Visual Studio Solution File, Format Version 12.00
# Visual Studio 15
VisualStudioVersion = 15.0.28307.489
MinimumVisualStudioVersion = 10.0.40219.1
Project("{8BC9CEB8-8B4A-11D0-8D11-00A0C91BC942}") = "20190326", "20190326\20190326.vcxproj", "{DD5435A9-6154-4661-B837-E29F430D5503}"
EndProject
Global
	GlobalSection(SolutionConfigurationPlatforms) = preSolution
		Debug|x64 = Debug|x64
		Debug|x86 = Debug|x86
		Release|x64 = Release|x64
		Release|x86 = Release|x86
	EndGlobalSection
	GlobalSection(ProjectConfigurationPlatforms) = postSolution
		{DD5435A9-6154-4661-B837-E29F430D5503}.Debug|x64.ActiveCfg = Debug|x64
		{DD5435A9-6154-4661-B837-E29F430D5503}.Debug|x64.Build.0 = Debug|x64
		{DD5435A9-6154-4661-B837-E29F430D5503}.Debug|x86.ActiveCfg = Debug|Win32
		{DD5435A9-6154-4661-B837-E29F430D5503}.Debug|x86.Build.0 = Debug|Win32
		{DD5435A9-6154-4661-B837-E29F430D5503}.Release|x64.ActiveCfg = Release|x64
		{DD5435A9-6154-4661-B837-E29F430D5503}.Release|x64.Build.0 = Release|x64
		{DD5435A9-6154-4661-B837-E29F430D5503}.Release|x86.ActiveCfg = Release|Win32
		{DD5435A9-6154-4661-B837-E29F430D5503}.Release|x86.Build.0 = Release|Win32
	EndGlobalSection
	GlobalSection(SolutionProperties) = preSolution
		HideSolutionNode = FALSE
	EndGlobalSection
	GlobalSection(ExtensibilityGlobals) = postSolution
		SolutionGuid = {EEC5FC6F-C972-4D08-88FA-A44AE448EF20}
	EndGlobalSection
EndGlobal
